{
  "pins" : [
    {
      "identity" : "bigint",
      "kind" : "remoteSourceControl",
      "location" : "https://github.com/attaswift/BigInt.git",
      "state" : {
        "revision" : "0ed110f7555c34ff468e72e1686e59721f2b0da6",
        "version" : "5.3.0"
      }
    },
    {
      "identity" : "cryptoswift",
      "kind" : "remoteSourceControl",
      "location" : "https://github.com/krzyzanowskim/CryptoSwift.git",
      "state" : {
        "revision" : "039f56c5d7960f277087a0be51f5eb04ed0ec073",
        "version" : "1.5.1"
      }
    },
    {
      "identity" : "objectivepgp",
      "kind" : "remoteSourceControl",
      "location" : "https://github.com/krzyzanowskim/ObjectivePGP.git",
      "state" : {
        "revision" : "5629d849ec6c8f8ec733dffa9949c507468ec0b4",
        "version" : "0.99.4"
      }
    },
    {
      "identity" : "socket.io-client-swift",
      "kind" : "remoteSourceControl",
      "location" : "https://github.com/socketio/socket.io-client-swift.git",
      "state" : {
        "revision" : "175da8b5156f6b132436f0676cc84c2f6a766b6e",
        "version" : "16.1.0"
      }
    },
    {
      "identity" : "starscream",
      "kind" : "remoteSourceControl",
      "location" : "https://github.com/daltoniam/Starscream",
      "state" : {
        "revision" : "ac6c0fc9da221873e01bd1a0d4818498a71eef33",
        "version" : "4.0.6"
      }
    },
    {
      "identity" : "web3swift",
      "kind" : "remoteSourceControl",
      "location" : "https://github.com/web3swift-team/web3swift.git",
      "state" : {
        "revision" : "16a2915ebd1a0fd33bf0a0ed5a9874909a6e187d",
        "version" : "3.1.2"
      }
    }
  ],
  "version" : 2
}
